
Microsoft Visual Studio Solution File, Format Version 12.00
# Visual Studio Version 17
VisualStudioVersion = 17.4.33213.308
MinimumVisualStudioVersion = 10.0.40219.1
Project("{FAE04EC0-301F-11D3-BF4B-00C04F79EFBC}") = "WebApplication2", "WebApplication2\WebApplication2.csproj", "{5BE043DE-275B-4AC7-9435-36D78CAD3CFE}"
EndProject
Global
	GlobalSection(SolutionConfigurationPlatforms) = preSolution
		Debug|Any CPU = Debug|Any CPU
		Release|Any CPU = Release|Any CPU
	EndGlobalSection
	GlobalSection(ProjectConfigurationPlatforms) = postSolution
		{5BE043DE-275B-4AC7-9435-36D78CAD3CFE}.Debug|Any CPU.ActiveCfg = Debug|Any CPU
		{5BE043DE-275B-4AC7-9435-36D78CAD3CFE}.Debug|Any CPU.Build.0 = Debug|Any CPU
		{5BE043DE-275B-4AC7-9435-36D78CAD3CFE}.Release|Any CPU.ActiveCfg = Release|Any CPU
		{5BE043DE-275B-4AC7-9435-36D78CAD3CFE}.Release|Any CPU.Build.0 = Release|Any CPU
	EndGlobalSection
	GlobalSection(SolutionProperties) = preSolution
		HideSolutionNode = FALSE
	EndGlobalSection
	GlobalSection(ExtensibilityGlobals) = postSolution
		SolutionGuid = {FBCCFB31-8FE2-4E85-8099-A19C6D9CD650}
	EndGlobalSection
EndGlobal
